
Microsoft Visual Studio Solution File, Format Version 12.00
# Visual Studio 15
VisualStudioVersion = 15.0.26430.6
MinimumVisualStudioVersion = 10.0.40219.1
Project("{FAE04EC0-301F-11D3-BF4B-00C04F79EFBC}") = "WindowsFormsApp1", "WindowsFormsApp1\WindowsFormsApp1.csproj", "{6943E5E0-10AB-46D2-91FC-FDA37AC3D40E}"
EndProject
Project("{FAE04EC0-301F-11D3-BF4B-00C04F79EFBC}") = "WPFSelectRow", "WPFSelectRow\WPFSelectRow.csproj", "{68F59187-32E4-41B8-91DA-9E724BC21749}"
EndProject
Global
	GlobalSection(SolutionConfigurationPlatforms) = preSolution
		Debug|Any CPU = Debug|Any CPU
		Release|Any CPU = Release|Any CPU
	EndGlobalSection
	GlobalSection(ProjectConfigurationPlatforms) = postSolution
		{6943E5E0-10AB-46D2-91FC-FDA37AC3D40E}.Debug|Any CPU.ActiveCfg = Debug|Any CPU
		{6943E5E0-10AB-46D2-91FC-FDA37AC3D40E}.Debug|Any CPU.Build.0 = Debug|Any CPU
		{6943E5E0-10AB-46D2-91FC-FDA37AC3D40E}.Release|Any CPU.ActiveCfg = Release|Any CPU
		{6943E5E0-10AB-46D2-91FC-FDA37AC3D40E}.Release|Any CPU.Build.0 = Release|Any CPU
		{68F59187-32E4-41B8-91DA-9E724BC21749}.Debug|Any CPU.ActiveCfg = Debug|Any CPU
		{68F59187-32E4-41B8-91DA-9E724BC21749}.Debug|Any CPU.Build.0 = Debug|Any CPU
		{68F59187-32E4-41B8-91DA-9E724BC21749}.Release|Any CPU.ActiveCfg = Release|Any CPU
		{68F59187-32E4-41B8-91DA-9E724BC21749}.Release|Any CPU.Build.0 = Release|Any CPU
	EndGlobalSection
	GlobalSection(SolutionProperties) = preSolution
		HideSolutionNode = FALSE
	EndGlobalSection
EndGlobal
